
Microsoft Visual Studio Solution File, Format Version 12.00
# Visual Studio Version 17
VisualStudioVersion = 17.3.32811.315
MinimumVisualStudioVersion = 10.0.40219.1
Project("{FAE04EC0-301F-11D3-BF4B-00C04F79EFBC}") = "Toth_Attila_Lab2", "Toth_Attila_Lab2.csproj", "{5FD24AAF-A037-427D-9FA1-CF8F39F1B1FB}"
EndProject
Global
	GlobalSection(SolutionConfigurationPlatforms) = preSolution
		Debug|Any CPU = Debug|Any CPU
		Release|Any CPU = Release|Any CPU
	EndGlobalSection
	GlobalSection(ProjectConfigurationPlatforms) = postSolution
		{5FD24AAF-A037-427D-9FA1-CF8F39F1B1FB}.Debug|Any CPU.ActiveCfg = Debug|Any CPU
		{5FD24AAF-A037-427D-9FA1-CF8F39F1B1FB}.Debug|Any CPU.Build.0 = Debug|Any CPU
		{5FD24AAF-A037-427D-9FA1-CF8F39F1B1FB}.Release|Any CPU.ActiveCfg = Release|Any CPU
		{5FD24AAF-A037-427D-9FA1-CF8F39F1B1FB}.Release|Any CPU.Build.0 = Release|Any CPU
	EndGlobalSection
	GlobalSection(SolutionProperties) = preSolution
		HideSolutionNode = FALSE
	EndGlobalSection
	GlobalSection(ExtensibilityGlobals) = postSolution
		SolutionGuid = {E3D08AD7-56B6-4051-9920-80CC36E9F78B}
	EndGlobalSection
EndGlobal
